// !$*UTF8*$!
{
	archiveVersion = 1;
	classes = {
	};
	objectVersion = 46;
	objects = {

/* Begin PBXBuildFile section */
		954767DA19054D490021B178 /* codejam.1 in CopyFiles */ = {isa = PBXBuildFile; fileRef = 954767D919054D490021B178 /* codejam.1 */; };
		95ADF112193F1518000B15EF /* tripathcnt.cpp in Sources */ = {isa = PBXBuildFile; fileRef = 95ADF110193F1518000B15EF /* tripathcnt.cpp */; };
/* End PBXBuildFile section */

/* Begin PBXCopyFilesBuildPhase section */
		954767D219054D490021B178 /* CopyFiles */ = {
			isa = PBXCopyFilesBuildPhase;
			buildActionMask = 2147483647;
			dstPath = /usr/share/man/man1/;
			dstSubfolderSpec = 0;
			files = (
				954767DA19054D490021B178 /* codejam.1 in CopyFiles */,
			);
			runOnlyForDeploymentPostprocessing = 1;
		};
/* End PBXCopyFilesBuildPhase section */

/* Begin PBXFileReference section */
		950C36E71923126200A4DB7E /* jumpgame.cpp */ = {isa = PBXFileReference; fileEncoding = 4; lastKnownFileType = sourcecode.cpp.cpp; name = jumpgame.cpp; path = codejam/jumpgame.cpp; sourceTree = "<group>"; };
		950C36E81923126200A4DB7E /* jumpgame.in */ = {isa = PBXFileReference; fileEncoding = 4; lastKnownFileType = text; name = jumpgame.in; path = codejam/jumpgame.in; sourceTree = "<group>"; };
		950C3C04192763360001C8BC /* trianglepath.cpp */ = {isa = PBXFileReference; fileEncoding = 4; lastKnownFileType = sourcecode.cpp.cpp; name = trianglepath.cpp; path = codejam/trianglepath.cpp; sourceTree = "<group>"; };
		950C3C05192763360001C8BC /* trianglepath.in */ = {isa = PBXFileReference; fileEncoding = 4; lastKnownFileType = text; name = trianglepath.in; path = codejam/trianglepath.in; sourceTree = "<group>"; };
		950C3C0B192836640001C8BC /* lis.cpp */ = {isa = PBXFileReference; fileEncoding = 4; lastKnownFileType = sourcecode.cpp.cpp; name = lis.cpp; path = codejam/lis.cpp; sourceTree = "<group>"; };
		950C3C0C192836640001C8BC /* lis.in */ = {isa = PBXFileReference; fileEncoding = 4; lastKnownFileType = text; name = lis.in; path = codejam/lis.in; sourceTree = "<group>"; };
		950C3C0E1928CECB0001C8BC /* jlis.cpp */ = {isa = PBXFileReference; fileEncoding = 4; lastKnownFileType = sourcecode.cpp.cpp; path = jlis.cpp; sourceTree = "<group>"; };
		950C3C0F1928CECB0001C8BC /* jlis.in */ = {isa = PBXFileReference; fileEncoding = 4; lastKnownFileType = text; path = jlis.in; sourceTree = "<group>"; };
		954767D419054D490021B178 /* codejam */ = {isa = PBXFileReference; explicitFileType = "compiled.mach-o.executable"; includeInIndex = 0; path = codejam; sourceTree = BUILT_PRODUCTS_DIR; };
		954767D719054D490021B178 /* picnic.cpp */ = {isa = PBXFileReference; lastKnownFileType = sourcecode.cpp.cpp; path = picnic.cpp; sourceTree = "<group>"; };
		954767D919054D490021B178 /* codejam.1 */ = {isa = PBXFileReference; lastKnownFileType = text.man; path = codejam.1; sourceTree = "<group>"; };
		95778A84191BA8990074651E /* quadtree.cpp */ = {isa = PBXFileReference; fileEncoding = 4; lastKnownFileType = sourcecode.cpp.cpp; name = quadtree.cpp; path = codejam/quadtree.cpp; sourceTree = "<group>"; };
		95778A85191BA8990074651E /* quadtree.in */ = {isa = PBXFileReference; fileEncoding = 4; lastKnownFileType = text; name = quadtree.in; path = codejam/quadtree.in; sourceTree = "<group>"; };
		958536BA1916228B007D7BD1 /* clocksync.cpp */ = {isa = PBXFileReference; fileEncoding = 4; lastKnownFileType = sourcecode.cpp.cpp; name = clocksync.cpp; path = codejam/clocksync.cpp; sourceTree = "<group>"; };
		958536BB1916228B007D7BD1 /* clocksync.in */ = {isa = PBXFileReference; fileEncoding = 4; lastKnownFileType = text; name = clocksync.in; path = codejam/clocksync.in; sourceTree = "<group>"; };
		95AA578A19094F0100E0E5B9 /* boardcover.cpp */ = {isa = PBXFileReference; fileEncoding = 4; lastKnownFileType = sourcecode.cpp.cpp; name = boardcover.cpp; path = codejam/boardcover.cpp; sourceTree = "<group>"; };
		95AA57901909598B00E0E5B9 /* boardcover.in */ = {isa = PBXFileReference; fileEncoding = 4; lastKnownFileType = text; name = boardcover.in; path = codejam/boardcover.in; sourceTree = "<group>"; };
		95AB33D4191FA92C00AED8FF /* fanmeeting.cpp */ = {isa = PBXFileReference; fileEncoding = 4; lastKnownFileType = sourcecode.cpp.cpp; path = fanmeeting.cpp; sourceTree = "<group>"; };
		95AB33D5191FA92C00AED8FF /* fanmeeting.in */ = {isa = PBXFileReference; fileEncoding = 4; lastKnownFileType = text; path = fanmeeting.in; sourceTree = "<group>"; };
		95ABB4C5191D0A020074AD44 /* fence.cpp */ = {isa = PBXFileReference; fileEncoding = 4; lastKnownFileType = sourcecode.cpp.cpp; name = fence.cpp; path = codejam/fence.cpp; sourceTree = "<group>"; };
		95ABB4C6191D0A020074AD44 /* fence.in */ = {isa = PBXFileReference; fileEncoding = 4; lastKnownFileType = text; name = fence.in; path = codejam/fence.in; sourceTree = "<group>"; };
		95ACEFD119303ED900B31DA8 /* pi.cpp */ = {isa = PBXFileReference; fileEncoding = 4; lastKnownFileType = sourcecode.cpp.cpp; name = pi.cpp; path = codejam/pi.cpp; sourceTree = "<group>"; };
		95ACEFD219303ED900B31DA8 /* pi.in */ = {isa = PBXFileReference; fileEncoding = 4; lastKnownFileType = text; name = pi.in; path = codejam/pi.in; sourceTree = "<group>"; };
		95ADF10D193EDB7B000B15EF /* tiling2.cpp */ = {isa = PBXFileReference; fileEncoding = 4; lastKnownFileType = sourcecode.cpp.cpp; name = tiling2.cpp; path = codejam/tiling2.cpp; sourceTree = "<group>"; };
		95ADF10E193EDB7B000B15EF /* tiling2.in */ = {isa = PBXFileReference; fileEncoding = 4; lastKnownFileType = text; name = tiling2.in; path = codejam/tiling2.in; sourceTree = "<group>"; };
		95ADF110193F1518000B15EF /* tripathcnt.cpp */ = {isa = PBXFileReference; fileEncoding = 4; lastKnownFileType = sourcecode.cpp.cpp; path = tripathcnt.cpp; sourceTree = "<group>"; };
		95ADF111193F1518000B15EF /* tripathcnt.in */ = {isa = PBXFileReference; fileEncoding = 4; lastKnownFileType = text; path = tripathcnt.in; sourceTree = "<group>"; };
		95B060F819262EF800E85D54 /* wildcard.cpp */ = {isa = PBXFileReference; fileEncoding = 4; lastKnownFileType = sourcecode.cpp.cpp; name = wildcard.cpp; path = codejam/wildcard.cpp; sourceTree = "<group>"; };
		95B060F919262EF800E85D54 /* wildcard.in */ = {isa = PBXFileReference; fileEncoding = 4; lastKnownFileType = text; name = wildcard.in; path = codejam/wildcard.in; sourceTree = "<group>"; };
		95C628C0193625270046B9B0 /* quantize.cpp */ = {isa = PBXFileReference; fileEncoding = 4; lastKnownFileType = sourcecode.cpp.cpp; path = quantize.cpp; sourceTree = "<group>"; };
		95C628C1193625270046B9B0 /* quantize.in */ = {isa = PBXFileReference; fileEncoding = 4; lastKnownFileType = text; path = quantize.in; sourceTree = "<group>"; };
/* End PBXFileReference section */

/* Begin PBXFrameworksBuildPhase section */
		954767D119054D490021B178 /* Frameworks */ = {
			isa = PBXFrameworksBuildPhase;
			buildActionMask = 2147483647;
			files = (
			);
			runOnlyForDeploymentPostprocessing = 0;
		};
/* End PBXFrameworksBuildPhase section */

/* Begin PBXGroup section */
		954767CB19054D490021B178 = {
			isa = PBXGroup;
			children = (
				95C628C3193625330046B9B0 /* solved */,
				954767D619054D490021B178 /* codejam */,
				954767D519054D490021B178 /* Products */,
			);
			sourceTree = "<group>";
		};
		954767D519054D490021B178 /* Products */ = {
			isa = PBXGroup;
			children = (
				954767D419054D490021B178 /* codejam */,
			);
			name = Products;
			sourceTree = "<group>";
		};
		954767D619054D490021B178 /* codejam */ = {
			isa = PBXGroup;
			children = (
				95ADF110193F1518000B15EF /* tripathcnt.cpp */,
				95ADF111193F1518000B15EF /* tripathcnt.in */,
				95C628C0193625270046B9B0 /* quantize.cpp */,
				95C628C1193625270046B9B0 /* quantize.in */,
				950C3C0E1928CECB0001C8BC /* jlis.cpp */,
				950C3C0F1928CECB0001C8BC /* jlis.in */,
				95AB33D4191FA92C00AED8FF /* fanmeeting.cpp */,
				95AB33D5191FA92C00AED8FF /* fanmeeting.in */,
				954767D719054D490021B178 /* picnic.cpp */,
				954767D919054D490021B178 /* codejam.1 */,
			);
			path = codejam;
			sourceTree = "<group>";
		};
		95C628C3193625330046B9B0 /* solved */ = {
			isa = PBXGroup;
			children = (
				95AA578A19094F0100E0E5B9 /* boardcover.cpp */,
				95AA57901909598B00E0E5B9 /* boardcover.in */,
				958536BA1916228B007D7BD1 /* clocksync.cpp */,
				958536BB1916228B007D7BD1 /* clocksync.in */,
				95ABB4C5191D0A020074AD44 /* fence.cpp */,
				95ABB4C6191D0A020074AD44 /* fence.in */,
				950C36E71923126200A4DB7E /* jumpgame.cpp */,
				950C36E81923126200A4DB7E /* jumpgame.in */,
				950C3C0B192836640001C8BC /* lis.cpp */,
				950C3C0C192836640001C8BC /* lis.in */,
				95ACEFD119303ED900B31DA8 /* pi.cpp */,
				95ACEFD219303ED900B31DA8 /* pi.in */,
				95778A84191BA8990074651E /* quadtree.cpp */,
				95778A85191BA8990074651E /* quadtree.in */,
				95ADF10D193EDB7B000B15EF /* tiling2.cpp */,
				95ADF10E193EDB7B000B15EF /* tiling2.in */,
				950C3C04192763360001C8BC /* trianglepath.cpp */,
				950C3C05192763360001C8BC /* trianglepath.in */,
				95B060F819262EF800E85D54 /* wildcard.cpp */,
				95B060F919262EF800E85D54 /* wildcard.in */,
			);
			name = solved;
			sourceTree = "<group>";
		};
/* End PBXGroup section */

/* Begin PBXNativeTarget section */
		954767D319054D490021B178 /* codejam */ = {
			isa = PBXNativeTarget;
			buildConfigurationList = 954767DD19054D490021B178 /* Build configuration list for PBXNativeTarget "codejam" */;
			buildPhases = (
				954767D019054D490021B178 /* Sources */,
				954767D119054D490021B178 /* Frameworks */,
				954767D219054D490021B178 /* CopyFiles */,
			);
			buildRules = (
			);
			dependencies = (
			);
			name = codejam;
			productName = codejam;
			productReference = 954767D419054D490021B178 /* codejam */;
			productType = "com.apple.product-type.tool";
		};
/* End PBXNativeTarget section */

/* Begin PBXProject section */
		954767CC19054D490021B178 /* Project object */ = {
			isa = PBXProject;
			attributes = {
				LastUpgradeCheck = 0510;
				ORGANIZATIONNAME = "Darren ha";
			};
			buildConfigurationList = 954767CF19054D490021B178 /* Build configuration list for PBXProject "codejam" */;
			compatibilityVersion = "Xcode 3.2";
			developmentRegion = English;
			hasScannedForEncodings = 0;
			knownRegions = (
				en,
			);
			mainGroup = 954767CB19054D490021B178;
			productRefGroup = 954767D519054D490021B178 /* Products */;
			projectDirPath = "";
			projectRoot = "";
			targets = (
				954767D319054D490021B178 /* codejam */,
			);
		};
/* End PBXProject section */

/* Begin PBXSourcesBuildPhase section */
		954767D019054D490021B178 /* Sources */ = {
			isa = PBXSourcesBuildPhase;
			buildActionMask = 2147483647;
			files = (
				95ADF112193F1518000B15EF /* tripathcnt.cpp in Sources */,
			);
			runOnlyForDeploymentPostprocessing = 0;
		};
/* End PBXSourcesBuildPhase section */

/* Begin XCBuildConfiguration section */
		954767DB19054D490021B178 /* Debug */ = {
			isa = XCBuildConfiguration;
			buildSettings = {
				ALWAYS_SEARCH_USER_PATHS = NO;
				CLANG_CXX_LANGUAGE_STANDARD = "gnu++0x";
				CLANG_CXX_LIBRARY = "libc++";
				CLANG_ENABLE_MODULES = YES;
				CLANG_ENABLE_OBJC_ARC = YES;
				CLANG_WARN_BOOL_CONVERSION = YES;
				CLANG_WARN_CONSTANT_CONVERSION = YES;
				CLANG_WARN_DIRECT_OBJC_ISA_USAGE = YES_ERROR;
				CLANG_WARN_EMPTY_BODY = YES;
				CLANG_WARN_ENUM_CONVERSION = YES;
				CLANG_WARN_INT_CONVERSION = YES;
				CLANG_WARN_OBJC_ROOT_CLASS = YES_ERROR;
				CLANG_WARN__DUPLICATE_METHOD_MATCH = YES;
				COPY_PHASE_STRIP = NO;
				GCC_C_LANGUAGE_STANDARD = gnu99;
				GCC_DYNAMIC_NO_PIC = NO;
				GCC_ENABLE_OBJC_EXCEPTIONS = YES;
				GCC_OPTIMIZATION_LEVEL = 0;
				GCC_PREPROCESSOR_DEFINITIONS = (
					"DEBUG=1",
					"$(inherited)",
				);
				GCC_SYMBOLS_PRIVATE_EXTERN = NO;
				GCC_WARN_64_TO_32_BIT_CONVERSION = YES;
				GCC_WARN_ABOUT_RETURN_TYPE = YES_ERROR;
				GCC_WARN_UNDECLARED_SELECTOR = YES;
				GCC_WARN_UNINITIALIZED_AUTOS = YES_AGGRESSIVE;
				GCC_WARN_UNUSED_FUNCTION = YES;
				GCC_WARN_UNUSED_VARIABLE = YES;
				MACOSX_DEPLOYMENT_TARGET = 10.9;
				ONLY_ACTIVE_ARCH = YES;
				SDKROOT = macosx;
			};
			name = Debug;
		};
		954767DC19054D490021B178 /* Release */ = {
			isa = XCBuildConfiguration;
			buildSettings = {
				ALWAYS_SEARCH_USER_PATHS = NO;
				CLANG_CXX_LANGUAGE_STANDARD = "gnu++0x";
				CLANG_CXX_LIBRARY = "libc++";
				CLANG_ENABLE_MODULES = YES;
				CLANG_ENABLE_OBJC_ARC = YES;
				CLANG_WARN_BOOL_CONVERSION = YES;
				CLANG_WARN_CONSTANT_CONVERSION = YES;
				CLANG_WARN_DIRECT_OBJC_ISA_USAGE = YES_ERROR;
				CLANG_WARN_EMPTY_BODY = YES;
				CLANG_WARN_ENUM_CONVERSION = YES;
				CLANG_WARN_INT_CONVERSION = YES;
				CLANG_WARN_OBJC_ROOT_CLASS = YES_ERROR;
				CLANG_WARN__DUPLICATE_METHOD_MATCH = YES;
				COPY_PHASE_STRIP = YES;
				DEBUG_INFORMATION_FORMAT = "dwarf-with-dsym";
				ENABLE_NS_ASSERTIONS = NO;
				GCC_C_LANGUAGE_STANDARD = gnu99;
				GCC_ENABLE_OBJC_EXCEPTIONS = YES;
				GCC_WARN_64_TO_32_BIT_CONVERSION = YES;
				GCC_WARN_ABOUT_RETURN_TYPE = YES_ERROR;
				GCC_WARN_UNDECLARED_SELECTOR = YES;
				GCC_WARN_UNINITIALIZED_AUTOS = YES_AGGRESSIVE;
				GCC_WARN_UNUSED_FUNCTION = YES;
				GCC_WARN_UNUSED_VARIABLE = YES;
				MACOSX_DEPLOYMENT_TARGET = 10.9;
				SDKROOT = macosx;
			};
			name = Release;
		};
		954767DE19054D490021B178 /* Debug */ = {
			isa = XCBuildConfiguration;
			buildSettings = {
				PRODUCT_NAME = "$(TARGET_NAME)";
			};
			name = Debug;
		};
		954767DF19054D490021B178 /* Release */ = {
			isa = XCBuildConfiguration;
			buildSettings = {
				PRODUCT_NAME = "$(TARGET_NAME)";
			};
			name = Release;
		};
/* End XCBuildConfiguration section */

/* Begin XCConfigurationList section */
		954767CF19054D490021B178 /* Build configuration list for PBXProject "codejam" */ = {
			isa = XCConfigurationList;
			buildConfigurations = (
				954767DB19054D490021B178 /* Debug */,
				954767DC19054D490021B178 /* Release */,
			);
			defaultConfigurationIsVisible = 0;
			defaultConfigurationName = Release;
		};
		954767DD19054D490021B178 /* Build configuration list for PBXNativeTarget "codejam" */ = {
			isa = XCConfigurationList;
			buildConfigurations = (
				954767DE19054D490021B178 /* Debug */,
				954767DF19054D490021B178 /* Release */,
			);
			defaultConfigurationIsVisible = 0;
			defaultConfigurationName = Release;
		};
/* End XCConfigurationList section */
	};
	rootObject = 954767CC19054D490021B178 /* Project object */;
}
